{
  "originHash" : "253b56452b90e991b161d96eeecf35f9ceca5ba40f2918dee672212aaa26897e",
  "pins" : [
    {
      "identity" : "leeokit",
      "kind" : "remoteSourceControl",
      "location" : "https://github.com/M1zz/LeeoKit.git",
      "state" : {
        "revision" : "b3dad49e7ad3aa6c9e9397b216c261544cba72b0",
        "version" : "3.16.1"
      }
    }
  ],
  "version" : 3
}
